# This file is automatically @generated by Cargo.
# It is not intended for manual editing.
version = 4

[[package]]
name = "cfg-if"
version = "1.0.4"
source = "registry+https://github.com/rust-lang/crates.io-index"
checksum = "9330f8b2ff13f34540b44e946ef35111825727b38d33286ef986142615121801"

[[package]]
name = "encoding_rs"
version = "0.8.35"
source = "registry+https://github.com/rust-lang/crates.io-index"
checksum = "75030f3c4f45dafd7586dd6780965a8c7e8e285a5ecb86713e63a79c5b2766f3"
dependencies = [
 "cfg-if",
]

[[package]]
name = "orbweaver-cdr"
version = "0.0.1"

[[package]]
name = "orbweaver-dynamic"
version = "0.0.1"
dependencies = [
 "orbweaver-cdr",
 "orbweaver-giop",
 "orbweaver-idl",
 "orbweaver-registry",
]

[[package]]
name = "orbweaver-giop"
version = "0.0.1"
dependencies = [
 "encoding_rs",
 "orbweaver-cdr",
]

[[package]]
name = "orbweaver-idl"
version = "0.0.1"

[[package]]
name = "orbweaver-mcp"
version = "0.0.1"
dependencies = [
 "orbweaver-cdr",
 "orbweaver-dynamic",
 "orbweaver-giop",
 "orbweaver-idl",
 "orbweaver-registry",
]

[[package]]
name = "orbweaver-object"
version = "0.0.1"
dependencies = [
 "orbweaver-cdr",
 "orbweaver-giop",
 "orbweaver-idl",
 "orbweaver-registry",
]

[[package]]
name = "orbweaver-registry"
version = "0.0.1"
dependencies = [
 "orbweaver-cdr",
 "orbweaver-giop",
 "orbweaver-idl",
]
